
Microsoft Visual Studio Solution File, Format Version 12.00
# Visual Studio Version 17
VisualStudioVersion = 17.3.32825.248
MinimumVisualStudioVersion = 10.0.40219.1
Project("{FAE04EC0-301F-11D3-BF4B-00C04F79EFBC}") = "Opg.3Week33", "Opg.3Week33\Opg.3Week33.csproj", "{482146B6-698F-4C93-AE3C-8B4915DF4AA0}"
EndProject
Global
	GlobalSection(SolutionConfigurationPlatforms) = preSolution
		Debug|Any CPU = Debug|Any CPU
		Release|Any CPU = Release|Any CPU
	EndGlobalSection
	GlobalSection(ProjectConfigurationPlatforms) = postSolution
		{482146B6-698F-4C93-AE3C-8B4915DF4AA0}.Debug|Any CPU.ActiveCfg = Debug|Any CPU
		{482146B6-698F-4C93-AE3C-8B4915DF4AA0}.Debug|Any CPU.Build.0 = Debug|Any CPU
		{482146B6-698F-4C93-AE3C-8B4915DF4AA0}.Release|Any CPU.ActiveCfg = Release|Any CPU
		{482146B6-698F-4C93-AE3C-8B4915DF4AA0}.Release|Any CPU.Build.0 = Release|Any CPU
	EndGlobalSection
	GlobalSection(SolutionProperties) = preSolution
		HideSolutionNode = FALSE
	EndGlobalSection
	GlobalSection(ExtensibilityGlobals) = postSolution
		SolutionGuid = {7243972C-1F1F-4D32-867D-26BFDF6DC305}
	EndGlobalSection
EndGlobal
