
Microsoft Visual Studio Solution File, Format Version 12.00
# Visual Studio Version 17
VisualStudioVersion = 17.3.32825.248
MinimumVisualStudioVersion = 10.0.40219.1
Project("{FAE04EC0-301F-11D3-BF4B-00C04F79EFBC}") = "DependencyInjection", "DependencyInjection\DependencyInjection.csproj", "{6A2DB015-1745-48D5-80AD-A8C5EE135F21}"
EndProject
Global
	GlobalSection(SolutionConfigurationPlatforms) = preSolution
		Debug|Any CPU = Debug|Any CPU
		Release|Any CPU = Release|Any CPU
	EndGlobalSection
	GlobalSection(ProjectConfigurationPlatforms) = postSolution
		{6A2DB015-1745-48D5-80AD-A8C5EE135F21}.Debug|Any CPU.ActiveCfg = Debug|Any CPU
		{6A2DB015-1745-48D5-80AD-A8C5EE135F21}.Debug|Any CPU.Build.0 = Debug|Any CPU
		{6A2DB015-1745-48D5-80AD-A8C5EE135F21}.Release|Any CPU.ActiveCfg = Release|Any CPU
		{6A2DB015-1745-48D5-80AD-A8C5EE135F21}.Release|Any CPU.Build.0 = Release|Any CPU
	EndGlobalSection
	GlobalSection(SolutionProperties) = preSolution
		HideSolutionNode = FALSE
	EndGlobalSection
	GlobalSection(ExtensibilityGlobals) = postSolution
		SolutionGuid = {354E1454-6849-401E-B349-F16B371B7AC5}
	EndGlobalSection
EndGlobal
